
Microsoft Visual Studio Solution File, Format Version 12.00
# Visual Studio Version 17
VisualStudioVersion = 17.13.35931.197 d17.13
MinimumVisualStudioVersion = 10.0.40219.1
Project("{FAE04EC0-301F-11D3-BF4B-00C04F79EFBC}") = "SaveUp", "SaveUp.csproj", "{DC4DE2C3-A10E-46D2-AEE6-3C374922CB6C}"
EndProject
Global
	GlobalSection(SolutionConfigurationPlatforms) = preSolution
		Debug|Any CPU = Debug|Any CPU
		Release|Any CPU = Release|Any CPU
	EndGlobalSection
	GlobalSection(ProjectConfigurationPlatforms) = postSolution
		{DC4DE2C3-A10E-46D2-AEE6-3C374922CB6C}.Debug|Any CPU.ActiveCfg = Debug|Any CPU
		{DC4DE2C3-A10E-46D2-AEE6-3C374922CB6C}.Debug|Any CPU.Build.0 = Debug|Any CPU
		{DC4DE2C3-A10E-46D2-AEE6-3C374922CB6C}.Release|Any CPU.ActiveCfg = Release|Any CPU
		{DC4DE2C3-A10E-46D2-AEE6-3C374922CB6C}.Release|Any CPU.Build.0 = Release|Any CPU
	EndGlobalSection
	GlobalSection(SolutionProperties) = preSolution
		HideSolutionNode = FALSE
	EndGlobalSection
	GlobalSection(ExtensibilityGlobals) = postSolution
		SolutionGuid = {0624D3C1-3E18-4EA0-8520-D76BC0721E7B}
	EndGlobalSection
EndGlobal
